// !$*UTF8*$!
{
	archiveVersion = 1;
	classes = {
	};
	objectVersion = 50;
	objects = {

/* Begin PBXBuildFile section */
		446C32CA25F8D61E00807259 /* main.swift in Sources */ = {isa = PBXBuildFile; fileRef = 446C32C925F8D61E00807259 /* main.swift */; };
		446C32D225F8E94700807259 /* HoleFiller.swift in Sources */ = {isa = PBXBuildFile; fileRef = 446C32D125F8E94600807259 /* HoleFiller.swift */; };
		446C32D525F8E97500807259 /* Validator.swift in Sources */ = {isa = PBXBuildFile; fileRef = 446C32D425F8E97500807259 /* Validator.swift */; };
		446C32D825F8EDE100807259 /* AppDelegate.swift in Sources */ = {isa = PBXBuildFile; fileRef = 446C32D725F8EDE100807259 /* AppDelegate.swift */; };
		446C32DB25F8F07D00807259 /* InputParameters.swift in Sources */ = {isa = PBXBuildFile; fileRef = 446C32DA25F8F07D00807259 /* InputParameters.swift */; };
		446C32E025F9180A00807259 /* DataManager.swift in Sources */ = {isa = PBXBuildFile; fileRef = 446C32DF25F9180A00807259 /* DataManager.swift */; };
		446C32E325F9189700807259 /* HoleFillingParameters.swift in Sources */ = {isa = PBXBuildFile; fileRef = 446C32E225F9189700807259 /* HoleFillingParameters.swift */; };
		446C330325F94CCB00807259 /* DetaultWeightingFunction.swift in Sources */ = {isa = PBXBuildFile; fileRef = 446C330225F94CCB00807259 /* DetaultWeightingFunction.swift */; };
		446C330825F9525000807259 /* PixelConnectivity.swift in Sources */ = {isa = PBXBuildFile; fileRef = 446C330725F9525000807259 /* PixelConnectivity.swift */; };
		446C330B25FA2E1200807259 /* HoleInformation.swift in Sources */ = {isa = PBXBuildFile; fileRef = 446C330A25FA2E1200807259 /* HoleInformation.swift */; };
		44797A8D25FA847600B6D86D /* PixelData.swift in Sources */ = {isa = PBXBuildFile; fileRef = 44797A8C25FA847600B6D86D /* PixelData.swift */; };
		44797A9025FA849B00B6D86D /* DataManagerHelpers.swift in Sources */ = {isa = PBXBuildFile; fileRef = 44797A8F25FA849B00B6D86D /* DataManagerHelpers.swift */; };
		44797A9525FA859600B6D86D /* HoleFillerHelpers.swift in Sources */ = {isa = PBXBuildFile; fileRef = 44797A9425FA859600B6D86D /* HoleFillerHelpers.swift */; };
		44797A9925FA875600B6D86D /* MatrixCoordinate.swift in Sources */ = {isa = PBXBuildFile; fileRef = 44797A9825FA875600B6D86D /* MatrixCoordinate.swift */; };
/* End PBXBuildFile section */

/* Begin PBXCopyFilesBuildPhase section */
		446C32C425F8D61E00807259 /* CopyFiles */ = {
			isa = PBXCopyFilesBuildPhase;
			buildActionMask = 2147483647;
			dstPath = /usr/share/man/man1/;
			dstSubfolderSpec = 0;
			files = (
			);
			runOnlyForDeploymentPostprocessing = 1;
		};
/* End PBXCopyFilesBuildPhase section */

/* Begin PBXFileReference section */
		446C32C625F8D61E00807259 /* HoleFilling */ = {isa = PBXFileReference; explicitFileType = "compiled.mach-o.executable"; includeInIndex = 0; path = HoleFilling; sourceTree = BUILT_PRODUCTS_DIR; };
		446C32C925F8D61E00807259 /* main.swift */ = {isa = PBXFileReference; lastKnownFileType = sourcecode.swift; path = main.swift; sourceTree = "<group>"; };
		446C32D125F8E94600807259 /* HoleFiller.swift */ = {isa = PBXFileReference; lastKnownFileType = sourcecode.swift; path = HoleFiller.swift; sourceTree = "<group>"; };
		446C32D425F8E97500807259 /* Validator.swift */ = {isa = PBXFileReference; lastKnownFileType = sourcecode.swift; path = Validator.swift; sourceTree = "<group>"; };
		446C32D725F8EDE100807259 /* AppDelegate.swift */ = {isa = PBXFileReference; lastKnownFileType = sourcecode.swift; path = AppDelegate.swift; sourceTree = "<group>"; };
		446C32DA25F8F07D00807259 /* InputParameters.swift */ = {isa = PBXFileReference; lastKnownFileType = sourcecode.swift; path = InputParameters.swift; sourceTree = "<group>"; };
		446C32DF25F9180A00807259 /* DataManager.swift */ = {isa = PBXFileReference; lastKnownFileType = sourcecode.swift; path = DataManager.swift; sourceTree = "<group>"; };
		446C32E225F9189700807259 /* HoleFillingParameters.swift */ = {isa = PBXFileReference; lastKnownFileType = sourcecode.swift; path = HoleFillingParameters.swift; sourceTree = "<group>"; };
		446C330225F94CCB00807259 /* DetaultWeightingFunction.swift */ = {isa = PBXFileReference; lastKnownFileType = sourcecode.swift; path = DetaultWeightingFunction.swift; sourceTree = "<group>"; };
		446C330725F9525000807259 /* PixelConnectivity.swift */ = {isa = PBXFileReference; lastKnownFileType = sourcecode.swift; path = PixelConnectivity.swift; sourceTree = "<group>"; };
		446C330A25FA2E1200807259 /* HoleInformation.swift */ = {isa = PBXFileReference; lastKnownFileType = sourcecode.swift; path = HoleInformation.swift; sourceTree = "<group>"; };
		44797A8C25FA847600B6D86D /* PixelData.swift */ = {isa = PBXFileReference; lastKnownFileType = sourcecode.swift; path = PixelData.swift; sourceTree = "<group>"; };
		44797A8F25FA849B00B6D86D /* DataManagerHelpers.swift */ = {isa = PBXFileReference; lastKnownFileType = sourcecode.swift; path = DataManagerHelpers.swift; sourceTree = "<group>"; };
		44797A9425FA859600B6D86D /* HoleFillerHelpers.swift */ = {isa = PBXFileReference; lastKnownFileType = sourcecode.swift; path = HoleFillerHelpers.swift; sourceTree = "<group>"; };
		44797A9825FA875600B6D86D /* MatrixCoordinate.swift */ = {isa = PBXFileReference; lastKnownFileType = sourcecode.swift; path = MatrixCoordinate.swift; sourceTree = "<group>"; };
/* End PBXFileReference section */

/* Begin PBXFrameworksBuildPhase section */
		446C32C325F8D61E00807259 /* Frameworks */ = {
			isa = PBXFrameworksBuildPhase;
			buildActionMask = 2147483647;
			files = (
			);
			runOnlyForDeploymentPostprocessing = 0;
		};
/* End PBXFrameworksBuildPhase section */

/* Begin PBXGroup section */
		446C32BD25F8D61E00807259 = {
			isa = PBXGroup;
			children = (
				446C32C825F8D61E00807259 /* HoleFilling */,
				446C32C725F8D61E00807259 /* Products */,
			);
			sourceTree = "<group>";
		};
		446C32C725F8D61E00807259 /* Products */ = {
			isa = PBXGroup;
			children = (
				446C32C625F8D61E00807259 /* HoleFilling */,
			);
			name = Products;
			sourceTree = "<group>";
		};
		446C32C825F8D61E00807259 /* HoleFilling */ = {
			isa = PBXGroup;
			children = (
				446C32C925F8D61E00807259 /* main.swift */,
				446C32D725F8EDE100807259 /* AppDelegate.swift */,
				446C330525F94D4E00807259 /* DataModels */,
				446C32FC25F94B7900807259 /* Validation */,
				446C32FE25F94B8300807259 /* DataManager */,
				446C330025F94B8D00807259 /* HoleFillingLibrary */,
			);
			path = HoleFilling;
			sourceTree = "<group>";
		};
		446C32FC25F94B7900807259 /* Validation */ = {
			isa = PBXGroup;
			children = (
				446C32D425F8E97500807259 /* Validator.swift */,
			);
			path = Validation;
			sourceTree = "<group>";
		};
		446C32FE25F94B8300807259 /* DataManager */ = {
			isa = PBXGroup;
			children = (
				446C32DF25F9180A00807259 /* DataManager.swift */,
				44797A8F25FA849B00B6D86D /* DataManagerHelpers.swift */,
			);
			path = DataManager;
			sourceTree = "<group>";
		};
		446C330025F94B8D00807259 /* HoleFillingLibrary */ = {
			isa = PBXGroup;
			children = (
				446C32D125F8E94600807259 /* HoleFiller.swift */,
				44797A9425FA859600B6D86D /* HoleFillerHelpers.swift */,
				446C330225F94CCB00807259 /* DetaultWeightingFunction.swift */,
			);
			path = HoleFillingLibrary;
			sourceTree = "<group>";
		};
		446C330525F94D4E00807259 /* DataModels */ = {
			isa = PBXGroup;
			children = (
				446C32DA25F8F07D00807259 /* InputParameters.swift */,
				446C32E225F9189700807259 /* HoleFillingParameters.swift */,
				446C330725F9525000807259 /* PixelConnectivity.swift */,
				446C330A25FA2E1200807259 /* HoleInformation.swift */,
				44797A9825FA875600B6D86D /* MatrixCoordinate.swift */,
				44797A8C25FA847600B6D86D /* PixelData.swift */,
			);
			path = DataModels;
			sourceTree = "<group>";
		};
/* End PBXGroup section */

/* Begin PBXNativeTarget section */
		446C32C525F8D61E00807259 /* HoleFilling */ = {
			isa = PBXNativeTarget;
			buildConfigurationList = 446C32CD25F8D61E00807259 /* Build configuration list for PBXNativeTarget "HoleFilling" */;
			buildPhases = (
				446C32C225F8D61E00807259 /* Sources */,
				446C32C325F8D61E00807259 /* Frameworks */,
				446C32C425F8D61E00807259 /* CopyFiles */,
			);
			buildRules = (
			);
			dependencies = (
			);
			name = HoleFilling;
			productName = HoleFilling;
			productReference = 446C32C625F8D61E00807259 /* HoleFilling */;
			productType = "com.apple.product-type.tool";
		};
/* End PBXNativeTarget section */

/* Begin PBXProject section */
		446C32BE25F8D61E00807259 /* Project object */ = {
			isa = PBXProject;
			attributes = {
				LastSwiftUpdateCheck = 1240;
				LastUpgradeCheck = 1240;
				TargetAttributes = {
					446C32C525F8D61E00807259 = {
						CreatedOnToolsVersion = 12.4;
					};
				};
			};
			buildConfigurationList = 446C32C125F8D61E00807259 /* Build configuration list for PBXProject "HoleFilling" */;
			compatibilityVersion = "Xcode 9.3";
			developmentRegion = en;
			hasScannedForEncodings = 0;
			knownRegions = (
				en,
				Base,
			);
			mainGroup = 446C32BD25F8D61E00807259;
			productRefGroup = 446C32C725F8D61E00807259 /* Products */;
			projectDirPath = "";
			projectRoot = "";
			targets = (
				446C32C525F8D61E00807259 /* HoleFilling */,
			);
		};
/* End PBXProject section */

/* Begin PBXSourcesBuildPhase section */
		446C32C225F8D61E00807259 /* Sources */ = {
			isa = PBXSourcesBuildPhase;
			buildActionMask = 2147483647;
			files = (
				446C330825F9525000807259 /* PixelConnectivity.swift in Sources */,
				446C330325F94CCB00807259 /* DetaultWeightingFunction.swift in Sources */,
				446C330B25FA2E1200807259 /* HoleInformation.swift in Sources */,
				446C32D825F8EDE100807259 /* AppDelegate.swift in Sources */,
				446C32E025F9180A00807259 /* DataManager.swift in Sources */,
				44797A9525FA859600B6D86D /* HoleFillerHelpers.swift in Sources */,
				446C32E325F9189700807259 /* HoleFillingParameters.swift in Sources */,
				446C32CA25F8D61E00807259 /* main.swift in Sources */,
				44797A9925FA875600B6D86D /* MatrixCoordinate.swift in Sources */,
				446C32DB25F8F07D00807259 /* InputParameters.swift in Sources */,
				44797A8D25FA847600B6D86D /* PixelData.swift in Sources */,
				446C32D525F8E97500807259 /* Validator.swift in Sources */,
				446C32D225F8E94700807259 /* HoleFiller.swift in Sources */,
				44797A9025FA849B00B6D86D /* DataManagerHelpers.swift in Sources */,
			);
			runOnlyForDeploymentPostprocessing = 0;
		};
/* End PBXSourcesBuildPhase section */

/* Begin XCBuildConfiguration section */
		446C32CB25F8D61E00807259 /* Debug */ = {
			isa = XCBuildConfiguration;
			buildSettings = {
				ALWAYS_SEARCH_USER_PATHS = NO;
				CLANG_ANALYZER_NONNULL = YES;
				CLANG_ANALYZER_NUMBER_OBJECT_CONVERSION = YES_AGGRESSIVE;
				CLANG_CXX_LANGUAGE_STANDARD = "gnu++14";
				CLANG_CXX_LIBRARY = "libc++";
				CLANG_ENABLE_MODULES = YES;
				CLANG_ENABLE_OBJC_ARC = YES;
				CLANG_ENABLE_OBJC_WEAK = YES;
				CLANG_WARN_BLOCK_CAPTURE_AUTORELEASING = YES;
				CLANG_WARN_BOOL_CONVERSION = YES;
				CLANG_WARN_COMMA = YES;
				CLANG_WARN_CONSTANT_CONVERSION = YES;
				CLANG_WARN_DEPRECATED_OBJC_IMPLEMENTATIONS = YES;
				CLANG_WARN_DIRECT_OBJC_ISA_USAGE = YES_ERROR;
				CLANG_WARN_DOCUMENTATION_COMMENTS = YES;
				CLANG_WARN_EMPTY_BODY = YES;
				CLANG_WARN_ENUM_CONVERSION = YES;
				CLANG_WARN_INFINITE_RECURSION = YES;
				CLANG_WARN_INT_CONVERSION = YES;
				CLANG_WARN_NON_LITERAL_NULL_CONVERSION = YES;
				CLANG_WARN_OBJC_IMPLICIT_RETAIN_SELF = YES;
				CLANG_WARN_OBJC_LITERAL_CONVERSION = YES;
				CLANG_WARN_OBJC_ROOT_CLASS = YES_ERROR;
				CLANG_WARN_QUOTED_INCLUDE_IN_FRAMEWORK_HEADER = YES;
				CLANG_WARN_RANGE_LOOP_ANALYSIS = YES;
				CLANG_WARN_STRICT_PROTOTYPES = YES;
				CLANG_WARN_SUSPICIOUS_MOVE = YES;
				CLANG_WARN_UNGUARDED_AVAILABILITY = YES_AGGRESSIVE;
				CLANG_WARN_UNREACHABLE_CODE = YES;
				CLANG_WARN__DUPLICATE_METHOD_MATCH = YES;
				COPY_PHASE_STRIP = NO;
				DEBUG_INFORMATION_FORMAT = dwarf;
				ENABLE_STRICT_OBJC_MSGSEND = YES;
				ENABLE_TESTABILITY = YES;
				GCC_C_LANGUAGE_STANDARD = gnu11;
				GCC_DYNAMIC_NO_PIC = NO;
				GCC_NO_COMMON_BLOCKS = YES;
				GCC_OPTIMIZATION_LEVEL = 0;
				GCC_PREPROCESSOR_DEFINITIONS = (
					"DEBUG=1",
					"$(inherited)",
				);
				GCC_WARN_64_TO_32_BIT_CONVERSION = YES;
				GCC_WARN_ABOUT_RETURN_TYPE = YES_ERROR;
				GCC_WARN_UNDECLARED_SELECTOR = YES;
				GCC_WARN_UNINITIALIZED_AUTOS = YES_AGGRESSIVE;
				GCC_WARN_UNUSED_FUNCTION = YES;
				GCC_WARN_UNUSED_VARIABLE = YES;
				MACOSX_DEPLOYMENT_TARGET = 11.1;
				MTL_ENABLE_DEBUG_INFO = INCLUDE_SOURCE;
				MTL_FAST_MATH = YES;
				ONLY_ACTIVE_ARCH = YES;
				SDKROOT = macosx;
				SWIFT_ACTIVE_COMPILATION_CONDITIONS = DEBUG;
				SWIFT_OPTIMIZATION_LEVEL = "-Onone";
			};
			name = Debug;
		};
		446C32CC25F8D61E00807259 /* Release */ = {
			isa = XCBuildConfiguration;
			buildSettings = {
				ALWAYS_SEARCH_USER_PATHS = NO;
				CLANG_ANALYZER_NONNULL = YES;
				CLANG_ANALYZER_NUMBER_OBJECT_CONVERSION = YES_AGGRESSIVE;
				CLANG_CXX_LANGUAGE_STANDARD = "gnu++14";
				CLANG_CXX_LIBRARY = "libc++";
				CLANG_ENABLE_MODULES = YES;
				CLANG_ENABLE_OBJC_ARC = YES;
				CLANG_ENABLE_OBJC_WEAK = YES;
				CLANG_WARN_BLOCK_CAPTURE_AUTORELEASING = YES;
				CLANG_WARN_BOOL_CONVERSION = YES;
				CLANG_WARN_COMMA = YES;
				CLANG_WARN_CONSTANT_CONVERSION = YES;
				CLANG_WARN_DEPRECATED_OBJC_IMPLEMENTATIONS = YES;
				CLANG_WARN_DIRECT_OBJC_ISA_USAGE = YES_ERROR;
				CLANG_WARN_DOCUMENTATION_COMMENTS = YES;
				CLANG_WARN_EMPTY_BODY = YES;
				CLANG_WARN_ENUM_CONVERSION = YES;
				CLANG_WARN_INFINITE_RECURSION = YES;
				CLANG_WARN_INT_CONVERSION = YES;
				CLANG_WARN_NON_LITERAL_NULL_CONVERSION = YES;
				CLANG_WARN_OBJC_IMPLICIT_RETAIN_SELF = YES;
				CLANG_WARN_OBJC_LITERAL_CONVERSION = YES;
				CLANG_WARN_OBJC_ROOT_CLASS = YES_ERROR;
				CLANG_WARN_QUOTED_INCLUDE_IN_FRAMEWORK_HEADER = YES;
				CLANG_WARN_RANGE_LOOP_ANALYSIS = YES;
				CLANG_WARN_STRICT_PROTOTYPES = YES;
				CLANG_WARN_SUSPICIOUS_MOVE = YES;
				CLANG_WARN_UNGUARDED_AVAILABILITY = YES_AGGRESSIVE;
				CLANG_WARN_UNREACHABLE_CODE = YES;
				CLANG_WARN__DUPLICATE_METHOD_MATCH = YES;
				COPY_PHASE_STRIP = NO;
				DEBUG_INFORMATION_FORMAT = "dwarf-with-dsym";
				ENABLE_NS_ASSERTIONS = NO;
				ENABLE_STRICT_OBJC_MSGSEND = YES;
				GCC_C_LANGUAGE_STANDARD = gnu11;
				GCC_NO_COMMON_BLOCKS = YES;
				GCC_WARN_64_TO_32_BIT_CONVERSION = YES;
				GCC_WARN_ABOUT_RETURN_TYPE = YES_ERROR;
				GCC_WARN_UNDECLARED_SELECTOR = YES;
				GCC_WARN_UNINITIALIZED_AUTOS = YES_AGGRESSIVE;
				GCC_WARN_UNUSED_FUNCTION = YES;
				GCC_WARN_UNUSED_VARIABLE = YES;
				MACOSX_DEPLOYMENT_TARGET = 11.1;
				MTL_ENABLE_DEBUG_INFO = NO;
				MTL_FAST_MATH = YES;
				SDKROOT = macosx;
				SWIFT_COMPILATION_MODE = wholemodule;
				SWIFT_OPTIMIZATION_LEVEL = "-O";
			};
			name = Release;
		};
		446C32CE25F8D61E00807259 /* Debug */ = {
			isa = XCBuildConfiguration;
			buildSettings = {
				CODE_SIGN_STYLE = Automatic;
				DEVELOPMENT_TEAM = 39U2583688;
				ENABLE_HARDENED_RUNTIME = YES;
				PRODUCT_NAME = "$(TARGET_NAME)";
				SWIFT_VERSION = 5.0;
			};
			name = Debug;
		};
		446C32CF25F8D61E00807259 /* Release */ = {
			isa = XCBuildConfiguration;
			buildSettings = {
				CODE_SIGN_STYLE = Automatic;
				DEVELOPMENT_TEAM = 39U2583688;
				ENABLE_HARDENED_RUNTIME = YES;
				PRODUCT_NAME = "$(TARGET_NAME)";
				SWIFT_VERSION = 5.0;
			};
			name = Release;
		};
/* End XCBuildConfiguration section */

/* Begin XCConfigurationList section */
		446C32C125F8D61E00807259 /* Build configuration list for PBXProject "HoleFilling" */ = {
			isa = XCConfigurationList;
			buildConfigurations = (
				446C32CB25F8D61E00807259 /* Debug */,
				446C32CC25F8D61E00807259 /* Release */,
			);
			defaultConfigurationIsVisible = 0;
			defaultConfigurationName = Release;
		};
		446C32CD25F8D61E00807259 /* Build configuration list for PBXNativeTarget "HoleFilling" */ = {
			isa = XCConfigurationList;
			buildConfigurations = (
				446C32CE25F8D61E00807259 /* Debug */,
				446C32CF25F8D61E00807259 /* Release */,
			);
			defaultConfigurationIsVisible = 0;
			defaultConfigurationName = Release;
		};
/* End XCConfigurationList section */
	};
	rootObject = 446C32BE25F8D61E00807259 /* Project object */;
}
